
Microsoft Visual Studio Solution File, Format Version 12.00
# Visual Studio Version 17
VisualStudioVersion = 17.0.31912.275
MinimumVisualStudioVersion = 10.0.40219.1
Project("{FAE04EC0-301F-11D3-BF4B-00C04F79EFBC}") = "pudelko", "pudelko\pudelko.csproj", "{FB6C5F7A-F995-4768-8508-59E15EC33B6C}"
EndProject
Project("{FAE04EC0-301F-11D3-BF4B-00C04F79EFBC}") = "unittests", "unittests\unittests.csproj", "{EBF36F16-E6A0-44D4-A087-4519693FB2A5}"
EndProject
Global
	GlobalSection(SolutionConfigurationPlatforms) = preSolution
		Debug|Any CPU = Debug|Any CPU
		Release|Any CPU = Release|Any CPU
	EndGlobalSection
	GlobalSection(ProjectConfigurationPlatforms) = postSolution
		{FB6C5F7A-F995-4768-8508-59E15EC33B6C}.Debug|Any CPU.ActiveCfg = Debug|Any CPU
		{FB6C5F7A-F995-4768-8508-59E15EC33B6C}.Debug|Any CPU.Build.0 = Debug|Any CPU
		{FB6C5F7A-F995-4768-8508-59E15EC33B6C}.Release|Any CPU.ActiveCfg = Release|Any CPU
		{FB6C5F7A-F995-4768-8508-59E15EC33B6C}.Release|Any CPU.Build.0 = Release|Any CPU
		{EBF36F16-E6A0-44D4-A087-4519693FB2A5}.Debug|Any CPU.ActiveCfg = Debug|Any CPU
		{EBF36F16-E6A0-44D4-A087-4519693FB2A5}.Debug|Any CPU.Build.0 = Debug|Any CPU
		{EBF36F16-E6A0-44D4-A087-4519693FB2A5}.Release|Any CPU.ActiveCfg = Release|Any CPU
		{EBF36F16-E6A0-44D4-A087-4519693FB2A5}.Release|Any CPU.Build.0 = Release|Any CPU
	EndGlobalSection
	GlobalSection(SolutionProperties) = preSolution
		HideSolutionNode = FALSE
	EndGlobalSection
	GlobalSection(ExtensibilityGlobals) = postSolution
		SolutionGuid = {B9A404DC-A782-4948-B655-7F9D22EF2CCE}
	EndGlobalSection
EndGlobal
